// !$*UTF8*$!
{
	archiveVersion = 1;
	classes = {
	};
	objectVersion = 46;
	objects = {

/* Begin PBXBuildFile section */
		8B35B72D1D4BAD170051239C /* main.m in Sources */ = {isa = PBXBuildFile; fileRef = 8B35B72C1D4BAD170051239C /* main.m */; };
		8C71364A1D4EB16A003901B9 /* FEBinarySearch.m in Sources */ = {isa = PBXBuildFile; fileRef = 8C7136461D4EAF6D003901B9 /* FEBinarySearch.m */; };
		8C71364B1D4EB16A003901B9 /* FEDummySearch.m in Sources */ = {isa = PBXBuildFile; fileRef = 8C7136481D4EAF6D003901B9 /* FEDummySearch.m */; };
		8C71364E1D4EB322003901B9 /* FEAlgorithmAssembly.m in Sources */ = {isa = PBXBuildFile; fileRef = 8C71364D1D4EB322003901B9 /* FEAlgorithmAssembly.m */; };
		8C7136521D4EB3F8003901B9 /* FEInput.m in Sources */ = {isa = PBXBuildFile; fileRef = 8C7136511D4EB3F8003901B9 /* FEInput.m */; };
		8C7136561D4EB56C003901B9 /* FEOutput.m in Sources */ = {isa = PBXBuildFile; fileRef = 8C7136551D4EB56C003901B9 /* FEOutput.m */; };
/* End PBXBuildFile section */

/* Begin PBXCopyFilesBuildPhase section */
		8B35B7271D4BAD170051239C /* CopyFiles */ = {
			isa = PBXCopyFilesBuildPhase;
			buildActionMask = 2147483647;
			dstPath = /usr/share/man/man1/;
			dstSubfolderSpec = 0;
			files = (
			);
			runOnlyForDeploymentPostprocessing = 1;
		};
/* End PBXCopyFilesBuildPhase section */

/* Begin PBXFileReference section */
		8B35B7291D4BAD170051239C /* FindElement */ = {isa = PBXFileReference; explicitFileType = "compiled.mach-o.executable"; includeInIndex = 0; path = FindElement; sourceTree = BUILT_PRODUCTS_DIR; };
		8B35B72C1D4BAD170051239C /* main.m */ = {isa = PBXFileReference; lastKnownFileType = sourcecode.c.objc; path = main.m; sourceTree = "<group>"; };
		8C7136451D4EAF6D003901B9 /* FEBinarySearch.h */ = {isa = PBXFileReference; lastKnownFileType = sourcecode.c.h; path = FEBinarySearch.h; sourceTree = "<group>"; };
		8C7136461D4EAF6D003901B9 /* FEBinarySearch.m */ = {isa = PBXFileReference; lastKnownFileType = sourcecode.c.objc; path = FEBinarySearch.m; sourceTree = "<group>"; };
		8C7136471D4EAF6D003901B9 /* FEDummySearch.h */ = {isa = PBXFileReference; lastKnownFileType = sourcecode.c.h; path = FEDummySearch.h; sourceTree = "<group>"; };
		8C7136481D4EAF6D003901B9 /* FEDummySearch.m */ = {isa = PBXFileReference; lastKnownFileType = sourcecode.c.objc; path = FEDummySearch.m; sourceTree = "<group>"; };
		8C7136491D4EAF86003901B9 /* FEISearchAlgorithm.h */ = {isa = PBXFileReference; fileEncoding = 4; lastKnownFileType = sourcecode.c.h; path = FEISearchAlgorithm.h; sourceTree = "<group>"; };
		8C71364C1D4EB322003901B9 /* FEAlgorithmAssembly.h */ = {isa = PBXFileReference; fileEncoding = 4; lastKnownFileType = sourcecode.c.h; path = FEAlgorithmAssembly.h; sourceTree = "<group>"; };
		8C71364D1D4EB322003901B9 /* FEAlgorithmAssembly.m */ = {isa = PBXFileReference; fileEncoding = 4; lastKnownFileType = sourcecode.c.objc; path = FEAlgorithmAssembly.m; sourceTree = "<group>"; };
		8C7136501D4EB3F8003901B9 /* FEInput.h */ = {isa = PBXFileReference; fileEncoding = 4; lastKnownFileType = sourcecode.c.h; path = FEInput.h; sourceTree = "<group>"; };
		8C7136511D4EB3F8003901B9 /* FEInput.m */ = {isa = PBXFileReference; fileEncoding = 4; lastKnownFileType = sourcecode.c.objc; path = FEInput.m; sourceTree = "<group>"; };
		8C7136541D4EB56C003901B9 /* FEOutput.h */ = {isa = PBXFileReference; fileEncoding = 4; lastKnownFileType = sourcecode.c.h; path = FEOutput.h; sourceTree = "<group>"; };
		8C7136551D4EB56C003901B9 /* FEOutput.m */ = {isa = PBXFileReference; fileEncoding = 4; lastKnownFileType = sourcecode.c.objc; path = FEOutput.m; sourceTree = "<group>"; };
/* End PBXFileReference section */

/* Begin PBXFrameworksBuildPhase section */
		8B35B7261D4BAD170051239C /* Frameworks */ = {
			isa = PBXFrameworksBuildPhase;
			buildActionMask = 2147483647;
			files = (
			);
			runOnlyForDeploymentPostprocessing = 0;
		};
/* End PBXFrameworksBuildPhase section */

/* Begin PBXGroup section */
		8B35B7201D4BAD170051239C = {
			isa = PBXGroup;
			children = (
				8B35B72B1D4BAD170051239C /* FindElement */,
				8B35B72A1D4BAD170051239C /* Products */,
			);
			sourceTree = "<group>";
		};
		8B35B72A1D4BAD170051239C /* Products */ = {
			isa = PBXGroup;
			children = (
				8B35B7291D4BAD170051239C /* FindElement */,
			);
			name = Products;
			sourceTree = "<group>";
		};
		8B35B72B1D4BAD170051239C /* FindElement */ = {
			isa = PBXGroup;
			children = (
				8C7136531D4EB55B003901B9 /* FEOutput */,
				8C71364F1D4EB3E9003901B9 /* FEInput */,
				8C7136441D4EAF6D003901B9 /* SearchAlgorithms */,
				8B35B72C1D4BAD170051239C /* main.m */,
				8C71364C1D4EB322003901B9 /* FEAlgorithmAssembly.h */,
				8C71364D1D4EB322003901B9 /* FEAlgorithmAssembly.m */,
			);
			path = FindElement;
			sourceTree = "<group>";
		};
		8C7136441D4EAF6D003901B9 /* SearchAlgorithms */ = {
			isa = PBXGroup;
			children = (
				8C7136451D4EAF6D003901B9 /* FEBinarySearch.h */,
				8C7136461D4EAF6D003901B9 /* FEBinarySearch.m */,
				8C7136471D4EAF6D003901B9 /* FEDummySearch.h */,
				8C7136481D4EAF6D003901B9 /* FEDummySearch.m */,
				8C7136491D4EAF86003901B9 /* FEISearchAlgorithm.h */,
			);
			path = SearchAlgorithms;
			sourceTree = "<group>";
		};
		8C71364F1D4EB3E9003901B9 /* FEInput */ = {
			isa = PBXGroup;
			children = (
				8C7136501D4EB3F8003901B9 /* FEInput.h */,
				8C7136511D4EB3F8003901B9 /* FEInput.m */,
			);
			path = FEInput;
			sourceTree = "<group>";
		};
		8C7136531D4EB55B003901B9 /* FEOutput */ = {
			isa = PBXGroup;
			children = (
				8C7136541D4EB56C003901B9 /* FEOutput.h */,
				8C7136551D4EB56C003901B9 /* FEOutput.m */,
			);
			path = FEOutput;
			sourceTree = "<group>";
		};
/* End PBXGroup section */

/* Begin PBXNativeTarget section */
		8B35B7281D4BAD170051239C /* FindElement */ = {
			isa = PBXNativeTarget;
			buildConfigurationList = 8B35B7301D4BAD170051239C /* Build configuration list for PBXNativeTarget "FindElement" */;
			buildPhases = (
				8B35B7251D4BAD170051239C /* Sources */,
				8B35B7261D4BAD170051239C /* Frameworks */,
				8B35B7271D4BAD170051239C /* CopyFiles */,
			);
			buildRules = (
			);
			dependencies = (
			);
			name = FindElement;
			productName = FindElement;
			productReference = 8B35B7291D4BAD170051239C /* FindElement */;
			productType = "com.apple.product-type.tool";
		};
/* End PBXNativeTarget section */

/* Begin PBXProject section */
		8B35B7211D4BAD170051239C /* Project object */ = {
			isa = PBXProject;
			attributes = {
				LastUpgradeCheck = 0730;
				ORGANIZATIONNAME = Developer;
				TargetAttributes = {
					8B35B7281D4BAD170051239C = {
						CreatedOnToolsVersion = 7.3.1;
					};
				};
			};
			buildConfigurationList = 8B35B7241D4BAD170051239C /* Build configuration list for PBXProject "FindElement" */;
			compatibilityVersion = "Xcode 3.2";
			developmentRegion = English;
			hasScannedForEncodings = 0;
			knownRegions = (
				en,
			);
			mainGroup = 8B35B7201D4BAD170051239C;
			productRefGroup = 8B35B72A1D4BAD170051239C /* Products */;
			projectDirPath = "";
			projectRoot = "";
			targets = (
				8B35B7281D4BAD170051239C /* FindElement */,
			);
		};
/* End PBXProject section */

/* Begin PBXSourcesBuildPhase section */
		8B35B7251D4BAD170051239C /* Sources */ = {
			isa = PBXSourcesBuildPhase;
			buildActionMask = 2147483647;
			files = (
				8C71364A1D4EB16A003901B9 /* FEBinarySearch.m in Sources */,
				8C7136521D4EB3F8003901B9 /* FEInput.m in Sources */,
				8C71364B1D4EB16A003901B9 /* FEDummySearch.m in Sources */,
				8C7136561D4EB56C003901B9 /* FEOutput.m in Sources */,
				8C71364E1D4EB322003901B9 /* FEAlgorithmAssembly.m in Sources */,
				8B35B72D1D4BAD170051239C /* main.m in Sources */,
			);
			runOnlyForDeploymentPostprocessing = 0;
		};
/* End PBXSourcesBuildPhase section */

/* Begin XCBuildConfiguration section */
		8B35B72E1D4BAD170051239C /* Debug */ = {
			isa = XCBuildConfiguration;
			buildSettings = {
				ALWAYS_SEARCH_USER_PATHS = NO;
				CLANG_ANALYZER_NONNULL = YES;
				CLANG_CXX_LANGUAGE_STANDARD = "gnu++0x";
				CLANG_CXX_LIBRARY = "libc++";
				CLANG_ENABLE_MODULES = YES;
				CLANG_ENABLE_OBJC_ARC = YES;
				CLANG_WARN_BOOL_CONVERSION = YES;
				CLANG_WARN_CONSTANT_CONVERSION = YES;
				CLANG_WARN_DIRECT_OBJC_ISA_USAGE = YES_ERROR;
				CLANG_WARN_EMPTY_BODY = YES;
				CLANG_WARN_ENUM_CONVERSION = YES;
				CLANG_WARN_INT_CONVERSION = YES;
				CLANG_WARN_OBJC_ROOT_CLASS = YES_ERROR;
				CLANG_WARN_UNREACHABLE_CODE = YES;
				CLANG_WARN__DUPLICATE_METHOD_MATCH = YES;
				CODE_SIGN_IDENTITY = "-";
				COPY_PHASE_STRIP = NO;
				DEBUG_INFORMATION_FORMAT = dwarf;
				ENABLE_STRICT_OBJC_MSGSEND = YES;
				ENABLE_TESTABILITY = YES;
				GCC_C_LANGUAGE_STANDARD = gnu99;
				GCC_DYNAMIC_NO_PIC = NO;
				GCC_NO_COMMON_BLOCKS = YES;
				GCC_OPTIMIZATION_LEVEL = 0;
				GCC_PREPROCESSOR_DEFINITIONS = (
					"DEBUG=1",
					"$(inherited)",
				);
				GCC_WARN_64_TO_32_BIT_CONVERSION = YES;
				GCC_WARN_ABOUT_RETURN_TYPE = YES_ERROR;
				GCC_WARN_UNDECLARED_SELECTOR = YES;
				GCC_WARN_UNINITIALIZED_AUTOS = YES_AGGRESSIVE;
				GCC_WARN_UNUSED_FUNCTION = YES;
				GCC_WARN_UNUSED_VARIABLE = YES;
				MACOSX_DEPLOYMENT_TARGET = 10.11;
				MTL_ENABLE_DEBUG_INFO = YES;
				ONLY_ACTIVE_ARCH = YES;
				SDKROOT = macosx;
			};
			name = Debug;
		};
		8B35B72F1D4BAD170051239C /* Release */ = {
			isa = XCBuildConfiguration;
			buildSettings = {
				ALWAYS_SEARCH_USER_PATHS = NO;
				CLANG_ANALYZER_NONNULL = YES;
				CLANG_CXX_LANGUAGE_STANDARD = "gnu++0x";
				CLANG_CXX_LIBRARY = "libc++";
				CLANG_ENABLE_MODULES = YES;
				CLANG_ENABLE_OBJC_ARC = YES;
				CLANG_WARN_BOOL_CONVERSION = YES;
				CLANG_WARN_CONSTANT_CONVERSION = YES;
				CLANG_WARN_DIRECT_OBJC_ISA_USAGE = YES_ERROR;
				CLANG_WARN_EMPTY_BODY = YES;
				CLANG_WARN_ENUM_CONVERSION = YES;
				CLANG_WARN_INT_CONVERSION = YES;
				CLANG_WARN_OBJC_ROOT_CLASS = YES_ERROR;
				CLANG_WARN_UNREACHABLE_CODE = YES;
				CLANG_WARN__DUPLICATE_METHOD_MATCH = YES;
				CODE_SIGN_IDENTITY = "-";
				COPY_PHASE_STRIP = NO;
				DEBUG_INFORMATION_FORMAT = "dwarf-with-dsym";
				ENABLE_NS_ASSERTIONS = NO;
				ENABLE_STRICT_OBJC_MSGSEND = YES;
				GCC_C_LANGUAGE_STANDARD = gnu99;
				GCC_NO_COMMON_BLOCKS = YES;
				GCC_WARN_64_TO_32_BIT_CONVERSION = YES;
				GCC_WARN_ABOUT_RETURN_TYPE = YES_ERROR;
				GCC_WARN_UNDECLARED_SELECTOR = YES;
				GCC_WARN_UNINITIALIZED_AUTOS = YES_AGGRESSIVE;
				GCC_WARN_UNUSED_FUNCTION = YES;
				GCC_WARN_UNUSED_VARIABLE = YES;
				MACOSX_DEPLOYMENT_TARGET = 10.11;
				MTL_ENABLE_DEBUG_INFO = NO;
				SDKROOT = macosx;
			};
			name = Release;
		};
		8B35B7311D4BAD170051239C /* Debug */ = {
			isa = XCBuildConfiguration;
			buildSettings = {
				PRODUCT_NAME = "$(TARGET_NAME)";
			};
			name = Debug;
		};
		8B35B7321D4BAD170051239C /* Release */ = {
			isa = XCBuildConfiguration;
			buildSettings = {
				PRODUCT_NAME = "$(TARGET_NAME)";
			};
			name = Release;
		};
/* End XCBuildConfiguration section */

/* Begin XCConfigurationList section */
		8B35B7241D4BAD170051239C /* Build configuration list for PBXProject "FindElement" */ = {
			isa = XCConfigurationList;
			buildConfigurations = (
				8B35B72E1D4BAD170051239C /* Debug */,
				8B35B72F1D4BAD170051239C /* Release */,
			);
			defaultConfigurationIsVisible = 0;
			defaultConfigurationName = Release;
		};
		8B35B7301D4BAD170051239C /* Build configuration list for PBXNativeTarget "FindElement" */ = {
			isa = XCConfigurationList;
			buildConfigurations = (
				8B35B7311D4BAD170051239C /* Debug */,
				8B35B7321D4BAD170051239C /* Release */,
			);
			defaultConfigurationIsVisible = 0;
			defaultConfigurationName = Release;
		};
/* End XCConfigurationList section */
	};
	rootObject = 8B35B7211D4BAD170051239C /* Project object */;
}
